
Microsoft Visual Studio Solution File, Format Version 12.00
# Visual Studio Version 16
VisualStudioVersion = 16.0.29613.14
MinimumVisualStudioVersion = 10.0.40219.1
Project("{FAE04EC0-301F-11D3-BF4B-00C04F79EFBC}") = "GraphClientNew", "GraphClientNew\GraphClientNew.csproj", "{B4E0B3F1-7FC9-4D8F-99D2-D0B6AACC935B}"
EndProject
Global
	GlobalSection(SolutionConfigurationPlatforms) = preSolution
		Debug|Any CPU = Debug|Any CPU
		Release|Any CPU = Release|Any CPU
	EndGlobalSection
	GlobalSection(ProjectConfigurationPlatforms) = postSolution
		{B4E0B3F1-7FC9-4D8F-99D2-D0B6AACC935B}.Debug|Any CPU.ActiveCfg = Debug|Any CPU
		{B4E0B3F1-7FC9-4D8F-99D2-D0B6AACC935B}.Debug|Any CPU.Build.0 = Debug|Any CPU
		{B4E0B3F1-7FC9-4D8F-99D2-D0B6AACC935B}.Release|Any CPU.ActiveCfg = Release|Any CPU
		{B4E0B3F1-7FC9-4D8F-99D2-D0B6AACC935B}.Release|Any CPU.Build.0 = Release|Any CPU
	EndGlobalSection
	GlobalSection(SolutionProperties) = preSolution
		HideSolutionNode = FALSE
	EndGlobalSection
	GlobalSection(ExtensibilityGlobals) = postSolution
		SolutionGuid = {2C3DAE71-DBF9-4275-B2E7-E16D625353FA}
	EndGlobalSection
EndGlobal
